// !$*UTF8*$!
{
	archiveVersion = 1;
	classes = {
	};
	objectVersion = 56;
	objects = {

/* Begin PBXBuildFile section */
		BF1838BF29DD85BD003B8C37 /* AppDelegate.swift in Sources */ = {isa = PBXBuildFile; fileRef = BF1838BE29DD85BD003B8C37 /* AppDelegate.swift */; };
		BF1838C129DD85BD003B8C37 /* SceneDelegate.swift in Sources */ = {isa = PBXBuildFile; fileRef = BF1838C029DD85BD003B8C37 /* SceneDelegate.swift */; };
		BF1838C329DD85BD003B8C37 /* ViewController.swift in Sources */ = {isa = PBXBuildFile; fileRef = BF1838C229DD85BD003B8C37 /* ViewController.swift */; };
		BF1838C829DD85BE003B8C37 /* Assets.xcassets in Resources */ = {isa = PBXBuildFile; fileRef = BF1838C729DD85BE003B8C37 /* Assets.xcassets */; };
		BF1838CB29DD85BE003B8C37 /* LaunchScreen.storyboard in Resources */ = {isa = PBXBuildFile; fileRef = BF1838C929DD85BE003B8C37 /* LaunchScreen.storyboard */; };
		BF1838D629DD85BE003B8C37 /* MusicCatcherTests.swift in Sources */ = {isa = PBXBuildFile; fileRef = BF1838D529DD85BE003B8C37 /* MusicCatcherTests.swift */; };
		BF1838E029DD85BE003B8C37 /* MusicCatcherUITests.swift in Sources */ = {isa = PBXBuildFile; fileRef = BF1838DF29DD85BE003B8C37 /* MusicCatcherUITests.swift */; };
		BF1838E229DD85BE003B8C37 /* MusicCatcherUITestsLaunchTests.swift in Sources */ = {isa = PBXBuildFile; fileRef = BF1838E129DD85BE003B8C37 /* MusicCatcherUITestsLaunchTests.swift */; };
		BF1838F329DD8664003B8C37 /* ReadyRecordViewController.swift in Sources */ = {isa = PBXBuildFile; fileRef = BF1838F229DD8664003B8C37 /* ReadyRecordViewController.swift */; };
		BF1838F629DD86D1003B8C37 /* View+Extension.swift in Sources */ = {isa = PBXBuildFile; fileRef = BF1838F529DD86D1003B8C37 /* View+Extension.swift */; };
		BF1838F829DD86E0003B8C37 /* Color+Extension.swift in Sources */ = {isa = PBXBuildFile; fileRef = BF1838F729DD86E0003B8C37 /* Color+Extension.swift */; };
		BF1838FB29DD889F003B8C37 /* HomeRecordCircleView.swift in Sources */ = {isa = PBXBuildFile; fileRef = BF1838FA29DD889F003B8C37 /* HomeRecordCircleView.swift */; };
		BF1838FE29DD89FE003B8C37 /* Literal.swift in Sources */ = {isa = PBXBuildFile; fileRef = BF1838FD29DD89FE003B8C37 /* Literal.swift */; };
		BF18390029DD90D2003B8C37 /* ImageView+Extension.swift in Sources */ = {isa = PBXBuildFile; fileRef = BF1838FF29DD90D2003B8C37 /* ImageView+Extension.swift */; };
/* End PBXBuildFile section */

/* Begin PBXContainerItemProxy section */
		BF1838D229DD85BE003B8C37 /* PBXContainerItemProxy */ = {
			isa = PBXContainerItemProxy;
			containerPortal = BF1838B329DD85BD003B8C37 /* Project object */;
			proxyType = 1;
			remoteGlobalIDString = BF1838BA29DD85BD003B8C37;
			remoteInfo = MusicCatcher;
		};
		BF1838DC29DD85BE003B8C37 /* PBXContainerItemProxy */ = {
			isa = PBXContainerItemProxy;
			containerPortal = BF1838B329DD85BD003B8C37 /* Project object */;
			proxyType = 1;
			remoteGlobalIDString = BF1838BA29DD85BD003B8C37;
			remoteInfo = MusicCatcher;
		};
/* End PBXContainerItemProxy section */

/* Begin PBXFileReference section */
		BF1838BB29DD85BD003B8C37 /* MusicCatcher.app */ = {isa = PBXFileReference; explicitFileType = wrapper.application; includeInIndex = 0; path = MusicCatcher.app; sourceTree = BUILT_PRODUCTS_DIR; };
		BF1838BE29DD85BD003B8C37 /* AppDelegate.swift */ = {isa = PBXFileReference; lastKnownFileType = sourcecode.swift; path = AppDelegate.swift; sourceTree = "<group>"; };
		BF1838C029DD85BD003B8C37 /* SceneDelegate.swift */ = {isa = PBXFileReference; lastKnownFileType = sourcecode.swift; path = SceneDelegate.swift; sourceTree = "<group>"; };
		BF1838C229DD85BD003B8C37 /* ViewController.swift */ = {isa = PBXFileReference; lastKnownFileType = sourcecode.swift; path = ViewController.swift; sourceTree = "<group>"; };
		BF1838C729DD85BE003B8C37 /* Assets.xcassets */ = {isa = PBXFileReference; lastKnownFileType = folder.assetcatalog; path = Assets.xcassets; sourceTree = "<group>"; };
		BF1838CA29DD85BE003B8C37 /* Base */ = {isa = PBXFileReference; lastKnownFileType = file.storyboard; name = Base; path = Base.lproj/LaunchScreen.storyboard; sourceTree = "<group>"; };
		BF1838CC29DD85BE003B8C37 /* Info.plist */ = {isa = PBXFileReference; lastKnownFileType = text.plist.xml; path = Info.plist; sourceTree = "<group>"; };
		BF1838D129DD85BE003B8C37 /* MusicCatcherTests.xctest */ = {isa = PBXFileReference; explicitFileType = wrapper.cfbundle; includeInIndex = 0; path = MusicCatcherTests.xctest; sourceTree = BUILT_PRODUCTS_DIR; };
		BF1838D529DD85BE003B8C37 /* MusicCatcherTests.swift */ = {isa = PBXFileReference; lastKnownFileType = sourcecode.swift; path = MusicCatcherTests.swift; sourceTree = "<group>"; };
		BF1838DB29DD85BE003B8C37 /* MusicCatcherUITests.xctest */ = {isa = PBXFileReference; explicitFileType = wrapper.cfbundle; includeInIndex = 0; path = MusicCatcherUITests.xctest; sourceTree = BUILT_PRODUCTS_DIR; };
		BF1838DF29DD85BE003B8C37 /* MusicCatcherUITests.swift */ = {isa = PBXFileReference; lastKnownFileType = sourcecode.swift; path = MusicCatcherUITests.swift; sourceTree = "<group>"; };
		BF1838E129DD85BE003B8C37 /* MusicCatcherUITestsLaunchTests.swift */ = {isa = PBXFileReference; lastKnownFileType = sourcecode.swift; path = MusicCatcherUITestsLaunchTests.swift; sourceTree = "<group>"; };
		BF1838F229DD8664003B8C37 /* ReadyRecordViewController.swift */ = {isa = PBXFileReference; lastKnownFileType = sourcecode.swift; path = ReadyRecordViewController.swift; sourceTree = "<group>"; };
		BF1838F529DD86D1003B8C37 /* View+Extension.swift */ = {isa = PBXFileReference; lastKnownFileType = sourcecode.swift; path = "View+Extension.swift"; sourceTree = "<group>"; };
		BF1838F729DD86E0003B8C37 /* Color+Extension.swift */ = {isa = PBXFileReference; lastKnownFileType = sourcecode.swift; path = "Color+Extension.swift"; sourceTree = "<group>"; };
		BF1838FA29DD889F003B8C37 /* HomeRecordCircleView.swift */ = {isa = PBXFileReference; lastKnownFileType = sourcecode.swift; path = HomeRecordCircleView.swift; sourceTree = "<group>"; };
		BF1838FD29DD89FE003B8C37 /* Literal.swift */ = {isa = PBXFileReference; lastKnownFileType = sourcecode.swift; path = Literal.swift; sourceTree = "<group>"; };
		BF1838FF29DD90D2003B8C37 /* ImageView+Extension.swift */ = {isa = PBXFileReference; lastKnownFileType = sourcecode.swift; path = "ImageView+Extension.swift"; sourceTree = "<group>"; };
/* End PBXFileReference section */

/* Begin PBXFrameworksBuildPhase section */
		BF1838B829DD85BD003B8C37 /* Frameworks */ = {
			isa = PBXFrameworksBuildPhase;
			buildActionMask = 2147483647;
			files = (
			);
			runOnlyForDeploymentPostprocessing = 0;
		};
		BF1838CE29DD85BE003B8C37 /* Frameworks */ = {
			isa = PBXFrameworksBuildPhase;
			buildActionMask = 2147483647;
			files = (
			);
			runOnlyForDeploymentPostprocessing = 0;
		};
		BF1838D829DD85BE003B8C37 /* Frameworks */ = {
			isa = PBXFrameworksBuildPhase;
			buildActionMask = 2147483647;
			files = (
			);
			runOnlyForDeploymentPostprocessing = 0;
		};
/* End PBXFrameworksBuildPhase section */

/* Begin PBXGroup section */
		BF1838B229DD85BD003B8C37 = {
			isa = PBXGroup;
			children = (
				BF1838BD29DD85BD003B8C37 /* MusicCatcher */,
				BF1838D429DD85BE003B8C37 /* MusicCatcherTests */,
				BF1838DE29DD85BE003B8C37 /* MusicCatcherUITests */,
				BF1838BC29DD85BD003B8C37 /* Products */,
			);
			sourceTree = "<group>";
		};
		BF1838BC29DD85BD003B8C37 /* Products */ = {
			isa = PBXGroup;
			children = (
				BF1838BB29DD85BD003B8C37 /* MusicCatcher.app */,
				BF1838D129DD85BE003B8C37 /* MusicCatcherTests.xctest */,
				BF1838DB29DD85BE003B8C37 /* MusicCatcherUITests.xctest */,
			);
			name = Products;
			sourceTree = "<group>";
		};
		BF1838BD29DD85BD003B8C37 /* MusicCatcher */ = {
			isa = PBXGroup;
			children = (
				BF1838F929DD8878003B8C37 /* ViewController */,
				BF1838F429DD86C6003B8C37 /* Extension */,
				BF1838F129DD861C003B8C37 /* Manager */,
				BF1838F029DD8614003B8C37 /* Resource */,
				BF1838EF29DD860C003B8C37 /* View */,
				BF1838EE29DD8607003B8C37 /* Global */,
				BF1838CC29DD85BE003B8C37 /* Info.plist */,
			);
			path = MusicCatcher;
			sourceTree = "<group>";
		};
		BF1838D429DD85BE003B8C37 /* MusicCatcherTests */ = {
			isa = PBXGroup;
			children = (
				BF1838D529DD85BE003B8C37 /* MusicCatcherTests.swift */,
			);
			path = MusicCatcherTests;
			sourceTree = "<group>";
		};
		BF1838DE29DD85BE003B8C37 /* MusicCatcherUITests */ = {
			isa = PBXGroup;
			children = (
				BF1838DF29DD85BE003B8C37 /* MusicCatcherUITests.swift */,
				BF1838E129DD85BE003B8C37 /* MusicCatcherUITestsLaunchTests.swift */,
			);
			path = MusicCatcherUITests;
			sourceTree = "<group>";
		};
		BF1838EE29DD8607003B8C37 /* Global */ = {
			isa = PBXGroup;
			children = (
				BF1838C929DD85BE003B8C37 /* LaunchScreen.storyboard */,
				BF1838BE29DD85BD003B8C37 /* AppDelegate.swift */,
				BF1838C029DD85BD003B8C37 /* SceneDelegate.swift */,
				BF1838FD29DD89FE003B8C37 /* Literal.swift */,
			);
			path = Global;
			sourceTree = "<group>";
		};
		BF1838EF29DD860C003B8C37 /* View */ = {
			isa = PBXGroup;
			children = (
				BF1838FA29DD889F003B8C37 /* HomeRecordCircleView.swift */,
			);
			path = View;
			sourceTree = "<group>";
		};
		BF1838F029DD8614003B8C37 /* Resource */ = {
			isa = PBXGroup;
			children = (
				BF1838C729DD85BE003B8C37 /* Assets.xcassets */,
			);
			path = Resource;
			sourceTree = "<group>";
		};
		BF1838F129DD861C003B8C37 /* Manager */ = {
			isa = PBXGroup;
			children = (
			);
			path = Manager;
			sourceTree = "<group>";
		};
		BF1838F429DD86C6003B8C37 /* Extension */ = {
			isa = PBXGroup;
			children = (
				BF1838F529DD86D1003B8C37 /* View+Extension.swift */,
				BF1838F729DD86E0003B8C37 /* Color+Extension.swift */,
				BF1838FF29DD90D2003B8C37 /* ImageView+Extension.swift */,
			);
			path = Extension;
			sourceTree = "<group>";
		};
		BF1838F929DD8878003B8C37 /* ViewController */ = {
			isa = PBXGroup;
			children = (
				BF1838C229DD85BD003B8C37 /* ViewController.swift */,
				BF1838F229DD8664003B8C37 /* ReadyRecordViewController.swift */,
			);
			path = ViewController;
			sourceTree = "<group>";
		};
/* End PBXGroup section */

/* Begin PBXNativeTarget section */
		BF1838BA29DD85BD003B8C37 /* MusicCatcher */ = {
			isa = PBXNativeTarget;
			buildConfigurationList = BF1838E529DD85BE003B8C37 /* Build configuration list for PBXNativeTarget "MusicCatcher" */;
			buildPhases = (
				BF1838B729DD85BD003B8C37 /* Sources */,
				BF1838B829DD85BD003B8C37 /* Frameworks */,
				BF1838B929DD85BD003B8C37 /* Resources */,
			);
			buildRules = (
			);
			dependencies = (
			);
			name = MusicCatcher;
			productName = MusicCatcher;
			productReference = BF1838BB29DD85BD003B8C37 /* MusicCatcher.app */;
			productType = "com.apple.product-type.application";
		};
		BF1838D029DD85BE003B8C37 /* MusicCatcherTests */ = {
			isa = PBXNativeTarget;
			buildConfigurationList = BF1838E829DD85BE003B8C37 /* Build configuration list for PBXNativeTarget "MusicCatcherTests" */;
			buildPhases = (
				BF1838CD29DD85BE003B8C37 /* Sources */,
				BF1838CE29DD85BE003B8C37 /* Frameworks */,
				BF1838CF29DD85BE003B8C37 /* Resources */,
			);
			buildRules = (
			);
			dependencies = (
				BF1838D329DD85BE003B8C37 /* PBXTargetDependency */,
			);
			name = MusicCatcherTests;
			productName = MusicCatcherTests;
			productReference = BF1838D129DD85BE003B8C37 /* MusicCatcherTests.xctest */;
			productType = "com.apple.product-type.bundle.unit-test";
		};
		BF1838DA29DD85BE003B8C37 /* MusicCatcherUITests */ = {
			isa = PBXNativeTarget;
			buildConfigurationList = BF1838EB29DD85BE003B8C37 /* Build configuration list for PBXNativeTarget "MusicCatcherUITests" */;
			buildPhases = (
				BF1838D729DD85BE003B8C37 /* Sources */,
				BF1838D829DD85BE003B8C37 /* Frameworks */,
				BF1838D929DD85BE003B8C37 /* Resources */,
			);
			buildRules = (
			);
			dependencies = (
				BF1838DD29DD85BE003B8C37 /* PBXTargetDependency */,
			);
			name = MusicCatcherUITests;
			productName = MusicCatcherUITests;
			productReference = BF1838DB29DD85BE003B8C37 /* MusicCatcherUITests.xctest */;
			productType = "com.apple.product-type.bundle.ui-testing";
		};
/* End PBXNativeTarget section */

/* Begin PBXProject section */
		BF1838B329DD85BD003B8C37 /* Project object */ = {
			isa = PBXProject;
			attributes = {
				BuildIndependentTargetsInParallel = 1;
				LastSwiftUpdateCheck = 1430;
				LastUpgradeCheck = 1430;
				TargetAttributes = {
					BF1838BA29DD85BD003B8C37 = {
						CreatedOnToolsVersion = 14.3;
					};
					BF1838D029DD85BE003B8C37 = {
						CreatedOnToolsVersion = 14.3;
						TestTargetID = BF1838BA29DD85BD003B8C37;
					};
					BF1838DA29DD85BE003B8C37 = {
						CreatedOnToolsVersion = 14.3;
						TestTargetID = BF1838BA29DD85BD003B8C37;
					};
				};
			};
			buildConfigurationList = BF1838B629DD85BD003B8C37 /* Build configuration list for PBXProject "MusicCatcher" */;
			compatibilityVersion = "Xcode 14.0";
			developmentRegion = en;
			hasScannedForEncodings = 0;
			knownRegions = (
				en,
				Base,
			);
			mainGroup = BF1838B229DD85BD003B8C37;
			productRefGroup = BF1838BC29DD85BD003B8C37 /* Products */;
			projectDirPath = "";
			projectRoot = "";
			targets = (
				BF1838BA29DD85BD003B8C37 /* MusicCatcher */,
				BF1838D029DD85BE003B8C37 /* MusicCatcherTests */,
				BF1838DA29DD85BE003B8C37 /* MusicCatcherUITests */,
			);
		};
/* End PBXProject section */

/* Begin PBXResourcesBuildPhase section */
		BF1838B929DD85BD003B8C37 /* Resources */ = {
			isa = PBXResourcesBuildPhase;
			buildActionMask = 2147483647;
			files = (
				BF1838CB29DD85BE003B8C37 /* LaunchScreen.storyboard in Resources */,
				BF1838C829DD85BE003B8C37 /* Assets.xcassets in Resources */,
			);
			runOnlyForDeploymentPostprocessing = 0;
		};
		BF1838CF29DD85BE003B8C37 /* Resources */ = {
			isa = PBXResourcesBuildPhase;
			buildActionMask = 2147483647;
			files = (
			);
			runOnlyForDeploymentPostprocessing = 0;
		};
		BF1838D929DD85BE003B8C37 /* Resources */ = {
			isa = PBXResourcesBuildPhase;
			buildActionMask = 2147483647;
			files = (
			);
			runOnlyForDeploymentPostprocessing = 0;
		};
/* End PBXResourcesBuildPhase section */

/* Begin PBXSourcesBuildPhase section */
		BF1838B729DD85BD003B8C37 /* Sources */ = {
			isa = PBXSourcesBuildPhase;
			buildActionMask = 2147483647;
			files = (
				BF1838C329DD85BD003B8C37 /* ViewController.swift in Sources */,
				BF1838F829DD86E0003B8C37 /* Color+Extension.swift in Sources */,
				BF1838BF29DD85BD003B8C37 /* AppDelegate.swift in Sources */,
				BF1838F629DD86D1003B8C37 /* View+Extension.swift in Sources */,
				BF18390029DD90D2003B8C37 /* ImageView+Extension.swift in Sources */,
				BF1838FB29DD889F003B8C37 /* HomeRecordCircleView.swift in Sources */,
				BF1838FE29DD89FE003B8C37 /* Literal.swift in Sources */,
				BF1838C129DD85BD003B8C37 /* SceneDelegate.swift in Sources */,
				BF1838F329DD8664003B8C37 /* ReadyRecordViewController.swift in Sources */,
			);
			runOnlyForDeploymentPostprocessing = 0;
		};
		BF1838CD29DD85BE003B8C37 /* Sources */ = {
			isa = PBXSourcesBuildPhase;
			buildActionMask = 2147483647;
			files = (
				BF1838D629DD85BE003B8C37 /* MusicCatcherTests.swift in Sources */,
			);
			runOnlyForDeploymentPostprocessing = 0;
		};
		BF1838D729DD85BE003B8C37 /* Sources */ = {
			isa = PBXSourcesBuildPhase;
			buildActionMask = 2147483647;
			files = (
				BF1838E029DD85BE003B8C37 /* MusicCatcherUITests.swift in Sources */,
				BF1838E229DD85BE003B8C37 /* MusicCatcherUITestsLaunchTests.swift in Sources */,
			);
			runOnlyForDeploymentPostprocessing = 0;
		};
/* End PBXSourcesBuildPhase section */

/* Begin PBXTargetDependency section */
		BF1838D329DD85BE003B8C37 /* PBXTargetDependency */ = {
			isa = PBXTargetDependency;
			target = BF1838BA29DD85BD003B8C37 /* MusicCatcher */;
			targetProxy = BF1838D229DD85BE003B8C37 /* PBXContainerItemProxy */;
		};
		BF1838DD29DD85BE003B8C37 /* PBXTargetDependency */ = {
			isa = PBXTargetDependency;
			target = BF1838BA29DD85BD003B8C37 /* MusicCatcher */;
			targetProxy = BF1838DC29DD85BE003B8C37 /* PBXContainerItemProxy */;
		};
/* End PBXTargetDependency section */

/* Begin PBXVariantGroup section */
		BF1838C929DD85BE003B8C37 /* LaunchScreen.storyboard */ = {
			isa = PBXVariantGroup;
			children = (
				BF1838CA29DD85BE003B8C37 /* Base */,
			);
			name = LaunchScreen.storyboard;
			sourceTree = "<group>";
		};
/* End PBXVariantGroup section */

/* Begin XCBuildConfiguration section */
		BF1838E329DD85BE003B8C37 /* Debug */ = {
			isa = XCBuildConfiguration;
			buildSettings = {
				ALWAYS_SEARCH_USER_PATHS = NO;
				CLANG_ANALYZER_NONNULL = YES;
				CLANG_ANALYZER_NUMBER_OBJECT_CONVERSION = YES_AGGRESSIVE;
				CLANG_CXX_LANGUAGE_STANDARD = "gnu++20";
				CLANG_ENABLE_MODULES = YES;
				CLANG_ENABLE_OBJC_ARC = YES;
				CLANG_ENABLE_OBJC_WEAK = YES;
				CLANG_WARN_BLOCK_CAPTURE_AUTORELEASING = YES;
				CLANG_WARN_BOOL_CONVERSION = YES;
				CLANG_WARN_COMMA = YES;
				CLANG_WARN_CONSTANT_CONVERSION = YES;
				CLANG_WARN_DEPRECATED_OBJC_IMPLEMENTATIONS = YES;
				CLANG_WARN_DIRECT_OBJC_ISA_USAGE = YES_ERROR;
				CLANG_WARN_DOCUMENTATION_COMMENTS = YES;
				CLANG_WARN_EMPTY_BODY = YES;
				CLANG_WARN_ENUM_CONVERSION = YES;
				CLANG_WARN_INFINITE_RECURSION = YES;
				CLANG_WARN_INT_CONVERSION = YES;
				CLANG_WARN_NON_LITERAL_NULL_CONVERSION = YES;
				CLANG_WARN_OBJC_IMPLICIT_RETAIN_SELF = YES;
				CLANG_WARN_OBJC_LITERAL_CONVERSION = YES;
				CLANG_WARN_OBJC_ROOT_CLASS = YES_ERROR;
				CLANG_WARN_QUOTED_INCLUDE_IN_FRAMEWORK_HEADER = YES;
				CLANG_WARN_RANGE_LOOP_ANALYSIS = YES;
				CLANG_WARN_STRICT_PROTOTYPES = YES;
				CLANG_WARN_SUSPICIOUS_MOVE = YES;
				CLANG_WARN_UNGUARDED_AVAILABILITY = YES_AGGRESSIVE;
				CLANG_WARN_UNREACHABLE_CODE = YES;
				CLANG_WARN__DUPLICATE_METHOD_MATCH = YES;
				COPY_PHASE_STRIP = NO;
				DEBUG_INFORMATION_FORMAT = dwarf;
				ENABLE_STRICT_OBJC_MSGSEND = YES;
				ENABLE_TESTABILITY = YES;
				GCC_C_LANGUAGE_STANDARD = gnu11;
				GCC_DYNAMIC_NO_PIC = NO;
				GCC_NO_COMMON_BLOCKS = YES;
				GCC_OPTIMIZATION_LEVEL = 0;
				GCC_PREPROCESSOR_DEFINITIONS = (
					"DEBUG=1",
					"$(inherited)",
				);
				GCC_WARN_64_TO_32_BIT_CONVERSION = YES;
				GCC_WARN_ABOUT_RETURN_TYPE = YES_ERROR;
				GCC_WARN_UNDECLARED_SELECTOR = YES;
				GCC_WARN_UNINITIALIZED_AUTOS = YES_AGGRESSIVE;
				GCC_WARN_UNUSED_FUNCTION = YES;
				GCC_WARN_UNUSED_VARIABLE = YES;
				IPHONEOS_DEPLOYMENT_TARGET = 16.4;
				MTL_ENABLE_DEBUG_INFO = INCLUDE_SOURCE;
				MTL_FAST_MATH = YES;
				ONLY_ACTIVE_ARCH = YES;
				SDKROOT = iphoneos;
				SWIFT_ACTIVE_COMPILATION_CONDITIONS = DEBUG;
				SWIFT_OPTIMIZATION_LEVEL = "-Onone";
			};
			name = Debug;
		};
		BF1838E429DD85BE003B8C37 /* Release */ = {
			isa = XCBuildConfiguration;
			buildSettings = {
				ALWAYS_SEARCH_USER_PATHS = NO;
				CLANG_ANALYZER_NONNULL = YES;
				CLANG_ANALYZER_NUMBER_OBJECT_CONVERSION = YES_AGGRESSIVE;
				CLANG_CXX_LANGUAGE_STANDARD = "gnu++20";
				CLANG_ENABLE_MODULES = YES;
				CLANG_ENABLE_OBJC_ARC = YES;
				CLANG_ENABLE_OBJC_WEAK = YES;
				CLANG_WARN_BLOCK_CAPTURE_AUTORELEASING = YES;
				CLANG_WARN_BOOL_CONVERSION = YES;
				CLANG_WARN_COMMA = YES;
				CLANG_WARN_CONSTANT_CONVERSION = YES;
				CLANG_WARN_DEPRECATED_OBJC_IMPLEMENTATIONS = YES;
				CLANG_WARN_DIRECT_OBJC_ISA_USAGE = YES_ERROR;
				CLANG_WARN_DOCUMENTATION_COMMENTS = YES;
				CLANG_WARN_EMPTY_BODY = YES;
				CLANG_WARN_ENUM_CONVERSION = YES;
				CLANG_WARN_INFINITE_RECURSION = YES;
				CLANG_WARN_INT_CONVERSION = YES;
				CLANG_WARN_NON_LITERAL_NULL_CONVERSION = YES;
				CLANG_WARN_OBJC_IMPLICIT_RETAIN_SELF = YES;
				CLANG_WARN_OBJC_LITERAL_CONVERSION = YES;
				CLANG_WARN_OBJC_ROOT_CLASS = YES_ERROR;
				CLANG_WARN_QUOTED_INCLUDE_IN_FRAMEWORK_HEADER = YES;
				CLANG_WARN_RANGE_LOOP_ANALYSIS = YES;
				CLANG_WARN_STRICT_PROTOTYPES = YES;
				CLANG_WARN_SUSPICIOUS_MOVE = YES;
				CLANG_WARN_UNGUARDED_AVAILABILITY = YES_AGGRESSIVE;
				CLANG_WARN_UNREACHABLE_CODE = YES;
				CLANG_WARN__DUPLICATE_METHOD_MATCH = YES;
				COPY_PHASE_STRIP = NO;
				DEBUG_INFORMATION_FORMAT = "dwarf-with-dsym";
				ENABLE_NS_ASSERTIONS = NO;
				ENABLE_STRICT_OBJC_MSGSEND = YES;
				GCC_C_LANGUAGE_STANDARD = gnu11;
				GCC_NO_COMMON_BLOCKS = YES;
				GCC_WARN_64_TO_32_BIT_CONVERSION = YES;
				GCC_WARN_ABOUT_RETURN_TYPE = YES_ERROR;
				GCC_WARN_UNDECLARED_SELECTOR = YES;
				GCC_WARN_UNINITIALIZED_AUTOS = YES_AGGRESSIVE;
				GCC_WARN_UNUSED_FUNCTION = YES;
				GCC_WARN_UNUSED_VARIABLE = YES;
				IPHONEOS_DEPLOYMENT_TARGET = 16.4;
				MTL_ENABLE_DEBUG_INFO = NO;
				MTL_FAST_MATH = YES;
				SDKROOT = iphoneos;
				SWIFT_COMPILATION_MODE = wholemodule;
				SWIFT_OPTIMIZATION_LEVEL = "-O";
				VALIDATE_PRODUCT = YES;
			};
			name = Release;
		};
		BF1838E629DD85BE003B8C37 /* Debug */ = {
			isa = XCBuildConfiguration;
			buildSettings = {
				ASSETCATALOG_COMPILER_APPICON_NAME = AppIcon;
				ASSETCATALOG_COMPILER_GLOBAL_ACCENT_COLOR_NAME = AccentColor;
				CODE_SIGN_STYLE = Automatic;
				CURRENT_PROJECT_VERSION = 1;
				DEVELOPMENT_TEAM = D9CAJN27UH;
				GENERATE_INFOPLIST_FILE = YES;
				INFOPLIST_FILE = MusicCatcher/Info.plist;
				INFOPLIST_KEY_CFBundleDisplayName = "Music Catcher";
				INFOPLIST_KEY_LSApplicationCategoryType = "public.app-category.music";
				INFOPLIST_KEY_UIApplicationSupportsIndirectInputEvents = YES;
				INFOPLIST_KEY_UILaunchStoryboardName = LaunchScreen;
				INFOPLIST_KEY_UISupportedInterfaceOrientations = UIInterfaceOrientationPortrait;
				IPHONEOS_DEPLOYMENT_TARGET = 15.0;
				LD_RUNPATH_SEARCH_PATHS = (
					"$(inherited)",
					"@executable_path/Frameworks",
				);
				MARKETING_VERSION = 1.0;
				PRODUCT_BUNDLE_IDENTIFIER = com.lena.MusicCatcher;
				PRODUCT_NAME = "$(TARGET_NAME)";
				SUPPORTED_PLATFORMS = "iphoneos iphonesimulator";
				SUPPORTS_MACCATALYST = NO;
				SUPPORTS_MAC_DESIGNED_FOR_IPHONE_IPAD = NO;
				SWIFT_EMIT_LOC_STRINGS = YES;
				SWIFT_VERSION = 5.0;
				TARGETED_DEVICE_FAMILY = 1;
			};
			name = Debug;
		};
		BF1838E729DD85BE003B8C37 /* Release */ = {
			isa = XCBuildConfiguration;
			buildSettings = {
				ASSETCATALOG_COMPILER_APPICON_NAME = AppIcon;
				ASSETCATALOG_COMPILER_GLOBAL_ACCENT_COLOR_NAME = AccentColor;
				CODE_SIGN_STYLE = Automatic;
				CURRENT_PROJECT_VERSION = 1;
				DEVELOPMENT_TEAM = D9CAJN27UH;
				GENERATE_INFOPLIST_FILE = YES;
				INFOPLIST_FILE = MusicCatcher/Info.plist;
				INFOPLIST_KEY_CFBundleDisplayName = "Music Catcher";
				INFOPLIST_KEY_LSApplicationCategoryType = "public.app-category.music";
				INFOPLIST_KEY_UIApplicationSupportsIndirectInputEvents = YES;
				INFOPLIST_KEY_UILaunchStoryboardName = LaunchScreen;
				INFOPLIST_KEY_UISupportedInterfaceOrientations = UIInterfaceOrientationPortrait;
				IPHONEOS_DEPLOYMENT_TARGET = 15.0;
				LD_RUNPATH_SEARCH_PATHS = (
					"$(inherited)",
					"@executable_path/Frameworks",
				);
				MARKETING_VERSION = 1.0;
				PRODUCT_BUNDLE_IDENTIFIER = com.lena.MusicCatcher;
				PRODUCT_NAME = "$(TARGET_NAME)";
				SUPPORTED_PLATFORMS = "iphoneos iphonesimulator";
				SUPPORTS_MACCATALYST = NO;
				SUPPORTS_MAC_DESIGNED_FOR_IPHONE_IPAD = NO;
				SWIFT_EMIT_LOC_STRINGS = YES;
				SWIFT_VERSION = 5.0;
				TARGETED_DEVICE_FAMILY = 1;
			};
			name = Release;
		};
		BF1838E929DD85BE003B8C37 /* Debug */ = {
			isa = XCBuildConfiguration;
			buildSettings = {
				ALWAYS_EMBED_SWIFT_STANDARD_LIBRARIES = YES;
				BUNDLE_LOADER = "$(TEST_HOST)";
				CODE_SIGN_STYLE = Automatic;
				CURRENT_PROJECT_VERSION = 1;
				DEVELOPMENT_TEAM = D9CAJN27UH;
				GENERATE_INFOPLIST_FILE = YES;
				IPHONEOS_DEPLOYMENT_TARGET = 16.4;
				MARKETING_VERSION = 1.0;
				PRODUCT_BUNDLE_IDENTIFIER = com.lena.MusicCatcherTests;
				PRODUCT_NAME = "$(TARGET_NAME)";
				SWIFT_EMIT_LOC_STRINGS = NO;
				SWIFT_VERSION = 5.0;
				TARGETED_DEVICE_FAMILY = "1,2";
				TEST_HOST = "$(BUILT_PRODUCTS_DIR)/MusicCatcher.app/$(BUNDLE_EXECUTABLE_FOLDER_PATH)/MusicCatcher";
			};
			name = Debug;
		};
		BF1838EA29DD85BE003B8C37 /* Release */ = {
			isa = XCBuildConfiguration;
			buildSettings = {
				ALWAYS_EMBED_SWIFT_STANDARD_LIBRARIES = YES;
				BUNDLE_LOADER = "$(TEST_HOST)";
				CODE_SIGN_STYLE = Automatic;
				CURRENT_PROJECT_VERSION = 1;
				DEVELOPMENT_TEAM = D9CAJN27UH;
				GENERATE_INFOPLIST_FILE = YES;
				IPHONEOS_DEPLOYMENT_TARGET = 16.4;
				MARKETING_VERSION = 1.0;
				PRODUCT_BUNDLE_IDENTIFIER = com.lena.MusicCatcherTests;
				PRODUCT_NAME = "$(TARGET_NAME)";
				SWIFT_EMIT_LOC_STRINGS = NO;
				SWIFT_VERSION = 5.0;
				TARGETED_DEVICE_FAMILY = "1,2";
				TEST_HOST = "$(BUILT_PRODUCTS_DIR)/MusicCatcher.app/$(BUNDLE_EXECUTABLE_FOLDER_PATH)/MusicCatcher";
			};
			name = Release;
		};
		BF1838EC29DD85BE003B8C37 /* Debug */ = {
			isa = XCBuildConfiguration;
			buildSettings = {
				ALWAYS_EMBED_SWIFT_STANDARD_LIBRARIES = YES;
				CODE_SIGN_STYLE = Automatic;
				CURRENT_PROJECT_VERSION = 1;
				DEVELOPMENT_TEAM = D9CAJN27UH;
				GENERATE_INFOPLIST_FILE = YES;
				MARKETING_VERSION = 1.0;
				PRODUCT_BUNDLE_IDENTIFIER = com.lena.MusicCatcherUITests;
				PRODUCT_NAME = "$(TARGET_NAME)";
				SWIFT_EMIT_LOC_STRINGS = NO;
				SWIFT_VERSION = 5.0;
				TARGETED_DEVICE_FAMILY = "1,2";
				TEST_TARGET_NAME = MusicCatcher;
			};
			name = Debug;
		};
		BF1838ED29DD85BE003B8C37 /* Release */ = {
			isa = XCBuildConfiguration;
			buildSettings = {
				ALWAYS_EMBED_SWIFT_STANDARD_LIBRARIES = YES;
				CODE_SIGN_STYLE = Automatic;
				CURRENT_PROJECT_VERSION = 1;
				DEVELOPMENT_TEAM = D9CAJN27UH;
				GENERATE_INFOPLIST_FILE = YES;
				MARKETING_VERSION = 1.0;
				PRODUCT_BUNDLE_IDENTIFIER = com.lena.MusicCatcherUITests;
				PRODUCT_NAME = "$(TARGET_NAME)";
				SWIFT_EMIT_LOC_STRINGS = NO;
				SWIFT_VERSION = 5.0;
				TARGETED_DEVICE_FAMILY = "1,2";
				TEST_TARGET_NAME = MusicCatcher;
			};
			name = Release;
		};
/* End XCBuildConfiguration section */

/* Begin XCConfigurationList section */
		BF1838B629DD85BD003B8C37 /* Build configuration list for PBXProject "MusicCatcher" */ = {
			isa = XCConfigurationList;
			buildConfigurations = (
				BF1838E329DD85BE003B8C37 /* Debug */,
				BF1838E429DD85BE003B8C37 /* Release */,
			);
			defaultConfigurationIsVisible = 0;
			defaultConfigurationName = Release;
		};
		BF1838E529DD85BE003B8C37 /* Build configuration list for PBXNativeTarget "MusicCatcher" */ = {
			isa = XCConfigurationList;
			buildConfigurations = (
				BF1838E629DD85BE003B8C37 /* Debug */,
				BF1838E729DD85BE003B8C37 /* Release */,
			);
			defaultConfigurationIsVisible = 0;
			defaultConfigurationName = Release;
		};
		BF1838E829DD85BE003B8C37 /* Build configuration list for PBXNativeTarget "MusicCatcherTests" */ = {
			isa = XCConfigurationList;
			buildConfigurations = (
				BF1838E929DD85BE003B8C37 /* Debug */,
				BF1838EA29DD85BE003B8C37 /* Release */,
			);
			defaultConfigurationIsVisible = 0;
			defaultConfigurationName = Release;
		};
		BF1838EB29DD85BE003B8C37 /* Build configuration list for PBXNativeTarget "MusicCatcherUITests" */ = {
			isa = XCConfigurationList;
			buildConfigurations = (
				BF1838EC29DD85BE003B8C37 /* Debug */,
				BF1838ED29DD85BE003B8C37 /* Release */,
			);
			defaultConfigurationIsVisible = 0;
			defaultConfigurationName = Release;
		};
/* End XCConfigurationList section */
	};
	rootObject = BF1838B329DD85BD003B8C37 /* Project object */;
}
